{
  "version": "5",
  "specifiers": {
    "npm:@oxlint/plugins@1.79.0": "1.79.0",
    "npm:@tailwindcss/cli@4.3.3": "4.3.3",
    "npm:basecoat-css@1.0.2": "1.0.2",
    "npm:concurrently@10.0.5": "10.0.5",
    "npm:oxfmt@0.64.0": "0.64.0",
    "npm:oxlint-tailwindcss@1.10.0": "1.10.0",
    "npm:oxlint@1.79.0": "1.79.0",
    "npm:rolldown@1.2.5": "1.2.5",
    "npm:tailwindcss@4.3.3": "4.3.3"
  },
  "npm": {
    "@jridgewell/gen-mapping@0.3.13": {
      "integrity": "sha512-2kkt/7niJ6MgEPxF0bYdQ6etZaA+fQvDcLKckhy1yIQOzaoKjBBjSj63/aLVjYE3qhRt5dvM+uUyfCg6UKCBbA==",
      "dependencies": [
        "@jridgewell/sourcemap-codec",
        "@jridgewell/trace-mapping"
      ]
    },
    "@jridgewell/remapping@2.3.5": {
      "integrity": "sha512-LI9u/+laYG4Ds1TDKSJW2YPrIlcVYOwi2fUC6xB43lueCjgxV4lffOCZCtYFiH6TNOX+tQKXx97T4IKHbhyHEQ==",
      "dependencies": [
        "@jridgewell/gen-mapping",
        "@jridgewell/trace-mapping"
      ]
    },
    "@jridgewell/resolve-uri@3.1.2": {
      "integrity": "sha512-bRISgCIjP20/tbWSPWMEi54QVPRZExkuD9lJL+UIxUKtwVJA8wW1Trb1jMs1RFXo1CBTNZ/5hpC9QvmKWdopKw=="
    },
    "@jridgewell/sourcemap-codec@1.5.5": {
      "integrity": "sha512-cYQ9310grqxueWbl+WuIUIaiUaDcj7WOq5fVhEljNVgRfOUhY9fy2zTvfoqWsnebh8Sl70VScFbICvJnLKB0Og=="
    },
    "@jridgewell/trace-mapping@0.3.31": {
      "integrity": "sha512-zzNR+SdQSDJzc8joaeP8QQoCQr8NuYx2dIIytl1QeBEZHJ9uW6hebsrYgbz8hJwUQao3TWCMtmfV8Nu1twOLAw==",
      "dependencies": [
        "@jridgewell/resolve-uri",
        "@jridgewell/sourcemap-codec"
      ]
    },
    "@oxc-project/types@0.146.0": {
      "integrity": "sha512-XC0QsnnhVe7sLIWmYmdPw7x5P0h4W8vUU3Nv1ySgWXtvCz8NizoAEpGXA0sOYoJQV2Rl13LgURAHQ5cI5ILCSA=="
    },
    "@oxfmt/binding-android-arm-eabi@0.64.0": {
      "integrity": "sha512-o6uzh/jTOQeAY5TdkAeXdqv7MBRcPxiRA08zrcBtkKj5cSu/FMu0Hl7Q6Fi1KCKyCWZ6lJVjBzdsJvsKltUsGQ==",
      "os": ["android"],
      "cpu": ["arm"]
    },
    "@oxfmt/binding-android-arm64@0.64.0": {
      "integrity": "sha512-jRGSUeeP7p3Gynw2YaCVtjBIA6ZxY6bEB/ES5i54OhqmRTyuVg7ZgstEtzgq6GOAJd+2QZ5pvf+bFfmW5Mp9cw==",
      "os": ["android"],
      "cpu": ["arm64"]
    },
    "@oxfmt/binding-darwin-arm64@0.64.0": {
      "integrity": "sha512-JINwtU2lW7nOFSqi+H2qplipNUqah9Gc1jgGmB82kTD4UnZrZIVxCJ9qEmFiKfjNq27gYLFhrUb0to86aCwMjw==",
      "os": ["darwin"],
      "cpu": ["arm64"]
    },
    "@oxfmt/binding-darwin-x64@0.64.0": {
      "integrity": "sha512-gCmuswrgrOSajV4HCRFkVCGIruPq8bjYuPYgSE2WQB3mD6XrdyZ3JMSRZCkQ8zCxOyGWriBo6QoZ5nmMHQ1BfA==",
      "os": ["darwin"],
      "cpu": ["x64"]
    },
    "@oxfmt/binding-freebsd-x64@0.64.0": {
      "integrity": "sha512-Ab8g7a38pT0MMImjh7anRSTve6buWBIlcXIFBYa5xl4s6UxEgKSc2xOOhbGtLwvXnEi2PsEDGoJh3oUU7xkehQ==",
      "os": ["freebsd"],
      "cpu": ["x64"]
    },
    "@oxfmt/binding-linux-arm-gnueabihf@0.64.0": {
      "integrity": "sha512-BgvS3CoQ+Xy2deoZqEN8JVKabcCZi2RxA3yant8G9OAv9KuPJ9TCjHkqigzdHUVwErZxEP5d2bzLIEyKYyBDLg==",
      "os": ["linux"],
      "cpu": ["arm"]
    },
    "@oxfmt/binding-linux-arm-musleabihf@0.64.0": {
      "integrity": "sha512-QXpNxwoMj0YvnceCNZadNSden3bIcnvjn/sDp/rwZhRoZoZYGpHvtPyhGsdJz9uvT9GkaMW7SsLddurU56dt8w==",
      "os": ["linux"],
      "cpu": ["arm"]
    },
    "@oxfmt/binding-linux-arm64-gnu@0.64.0": {
      "integrity": "sha512-BBgH3I1ppDsI5pZ4Pdhw0ceYxwVCfbU/bZEBCeZ6caRS9x0ZabErxubP7riGUn11PXZBhe8DYdjkDKP1FlVQ5w==",
      "os": ["linux"],
      "cpu": ["arm64"]
    },
    "@oxfmt/binding-linux-arm64-musl@0.64.0": {
      "integrity": "sha512-v19HSjC/BGXdt26qEvKZtwAHgGmQ2Agcap2kQP+KIqoRZqivVzYth3ui2dJA1i+6/fjpjga85lIOaJJjQ/bOOw==",
      "os": ["linux"],
      "cpu": ["arm64"]
    },
    "@oxfmt/binding-linux-ppc64-gnu@0.64.0": {
      "integrity": "sha512-PElLnOo4xFTBZrxPhgTIj0eHqZXwEBQoNWtb7facUV170T0B0FRET0iNbb3LUeLWTybkUW+vsdyv4ihOdyXGyw==",
      "os": ["linux"],
      "cpu": ["ppc64"]
    },
    "@oxfmt/binding-linux-riscv64-gnu@0.64.0": {
      "integrity": "sha512-Qzsg15n4F5CH+MorcRW4MkAEMiLzXmeG+DiDSbP/bBTqCmWOH3K9DHryNrve+JHlV0txS+B6Z9P5Xz+cmWeL+g==",
      "os": ["linux"],
      "cpu": ["riscv64"]
    },
    "@oxfmt/binding-linux-riscv64-musl@0.64.0": {
      "integrity": "sha512-/GZ358wnQ/Ez4UVnCcZIi56JkY0sOdZ+B108pqXKqZz3jLS59F4KEAB1Qv3fRlObrFEk+3L2vUQ/xoPx+3vjXw==",
      "os": ["linux"],
      "cpu": ["riscv64"]
    },
    "@oxfmt/binding-linux-s390x-gnu@0.64.0": {
      "integrity": "sha512-/C9We3DXegowfLXtVCYHeNiU9azwCDr5cQkEtCVlc74vyn+lLQSPApJ1CZmxAduqeq/Oi3gQ+IVptyhCaTMtkQ==",
      "os": ["linux"],
      "cpu": ["s390x"]
    },
    "@oxfmt/binding-linux-x64-gnu@0.64.0": {
      "integrity": "sha512-91KM2CeRWscIEHlj1NsW2WSnzGeq1Ehq+39bfDowTdkn+fcvK/x4Y1RcyqT7glyBjZio0ldkeCG6Usj3v7ASog==",
      "os": ["linux"],
      "cpu": ["x64"]
    },
    "@oxfmt/binding-linux-x64-musl@0.64.0": {
      "integrity": "sha512-gw7uEk9I+7zoT1EYLra1eWArIzNcz8e3jkv+Noo2+o2T7wPvsNSQbfoa4DSfZlvn1i6mJ05RiZ4/omaXPDNhQg==",
      "os": ["linux"],
      "cpu": ["x64"]
    },
    "@oxfmt/binding-openharmony-arm64@0.64.0": {
      "integrity": "sha512-HYHFf616FHSPSO07c09mjmXBfQ73wIVM3m0txOiooa5XZkGoxFd6B14PVj0LB0DXIqJ6wAO/dDR/NX/5UUaqnw==",
      "os": ["openharmony"],
      "cpu": ["arm64"]
    },
    "@oxfmt/binding-win32-arm64-msvc@0.64.0": {
      "integrity": "sha512-uQjFp081IZSWD6VAofX2iO2z01awAdHmfC+NrieWIPKrT2hZKQDyq/U18M7ifC0sm0Wz8aHY/p6+FDYIzs/CrQ==",
      "os": ["win32"],
      "cpu": ["arm64"]
    },
    "@oxfmt/binding-win32-ia32-msvc@0.64.0": {
      "integrity": "sha512-lNM6byTAQ881jugzFu8juJTbNRgsUTlswMA6pJmwi1XDvmIqnnb49lcUAs5gz94fCJLrVN+/X3s3jOKqx23WIQ==",
      "os": ["win32"],
      "cpu": ["ia32"]
    },
    "@oxfmt/binding-win32-x64-msvc@0.64.0": {
      "integrity": "sha512-BtmbtL/QjMtF1a6C3CqoDluH2IfB6fJt62E+B9RFfUPtFk4Iz9PFS6+y/SzzOvSxc7aUk2Kphwg7Dh8lMbwu6g==",
      "os": ["win32"],
      "cpu": ["x64"]
    },
    "@oxlint/binding-android-arm-eabi@1.79.0": {
      "integrity": "sha512-TebFaaMklO/RXzTv7PucaCq9l3X6D1gA+C8H6K4njtjFOV+zWE9MKLpulcJZN9bzytbUbQIY0mZuz12nQ5Kv4Q==",
      "os": ["android"],
      "cpu": ["arm"]
    },
    "@oxlint/binding-android-arm64@1.79.0": {
      "integrity": "sha512-KqqnOtAVgNsPPF0YSodkFZA1O80jcKoCZCTu3bgsszxA+MrMP9TLzfXitKjEj1FmrPprKDMdRDMmY3weESO9sg==",
      "os": ["android"],
      "cpu": ["arm64"]
    },
    "@oxlint/binding-darwin-arm64@1.79.0": {
      "integrity": "sha512-BVC2nsMzqQzRDPc5RhixkZ+m1p7iH4bxRRvqkbwDXX0PlQKm1BPy8J8cRjnAFafOq2QzI+BfO3vE8w2GZ3CBag==",
      "os": ["darwin"],
      "cpu": ["arm64"]
    },
    "@oxlint/binding-darwin-x64@1.79.0": {
      "integrity": "sha512-p6Lm+snmhGuLKL1+CpCV8L6ijkE/qJzK2H2jG9+eKJT0n31RbY4FLsdhexekgP3bLpw4Kgde+9DZuDZQ4yIInA==",
      "os": ["darwin"],
      "cpu": ["x64"]
    },
    "@oxlint/binding-freebsd-x64@1.79.0": {
      "integrity": "sha512-qDMm0dXZnoHyRqSL4N4xUq82T4sqK5cbKSjvd/dF/YbMUXc2R1wEPf+vmA5S0qUmi0nwXfNbjXBtZaIqzQLIMg==",
      "os": ["freebsd"],
      "cpu": ["x64"]
    },
    "@oxlint/binding-linux-arm-gnueabihf@1.79.0": {
      "integrity": "sha512-2od7s0nuKPzqyUZAWk9KkCyGg7eI9dwFPZg+20lB15fKFkVZ0c9ZFxqPfiBAyDTlTkh9stPI0t+JlPCqMbItVA==",
      "os": ["linux"],
      "cpu": ["arm"]
    },
    "@oxlint/binding-linux-arm-musleabihf@1.79.0": {
      "integrity": "sha512-ZOQUjkzDnvlhSE3+tWC3YXx94MMl+sYMlwH+u1+YGApGHOJP/YAc8ZBRFOXZ6eOBmxtXAWuS/fBcdZr8qqNO1A==",
      "os": ["linux"],
      "cpu": ["arm"]
    },
    "@oxlint/binding-linux-arm64-gnu@1.79.0": {
      "integrity": "sha512-lu158FR4nGqGeRS3BQvtG85wRgU/Fy4MD5Cxp1hzJXizGiLo6u2742wJSCDKh8cFcZntvX7fcxlq4mMmfryH1g==",
      "os": ["linux"],
      "cpu": ["arm64"]
    },
    "@oxlint/binding-linux-arm64-musl@1.79.0": {
      "integrity": "sha512-mbpKQeE2aflTjddaHK7MP8KP/OFbUM++lt5M635ENM8IyIdK0jm2t9pb+2v9mVVIvhF6TqA4l7F79Pll1mi+uw==",
      "os": ["linux"],
      "cpu": ["arm64"]
    },
    "@oxlint/binding-linux-ppc64-gnu@1.79.0": {
      "integrity": "sha512-WpGNua7gaxaHnpSDeog2ji8IDHn/QLPl9LPzwkR/FvVv58vT5BcXjRXnU+wbu3N75cpeha8CdC7ho/U2OIsB4g==",
      "os": ["linux"],
      "cpu": ["ppc64"]
    },
    "@oxlint/binding-linux-riscv64-gnu@1.79.0": {
      "integrity": "sha512-tK1E93A5LVzISg4ngpKJnfTs7EqtIUceGI7MQ4GyDjJiLi8wPCkEyKlj2xkyKWZ1yzkDJyLHTBJ5/iFWRdnJvg==",
      "os": ["linux"],
      "cpu": ["riscv64"]
    },
    "@oxlint/binding-linux-riscv64-musl@1.79.0": {
      "integrity": "sha512-qhQvUIrngXivA2A9pQ+xPCychztn/5qUv7yS3gDwXv3w7Rag+eTeeXWmRyx+t7XsW5x6LuY/8AsTq36UgFIblg==",
      "os": ["linux"],
      "cpu": ["riscv64"]
    },
    "@oxlint/binding-linux-s390x-gnu@1.79.0": {
      "integrity": "sha512-sv6AaVgU/eE6u+6WFiQVDcPPwTxP6IJMSB9k701W2r/r6Tx465e8vPvVyRxquNH4Vy6KwRNu90mVbxXJN8+5gg==",
      "os": ["linux"],
      "cpu": ["s390x"]
    },
    "@oxlint/binding-linux-x64-gnu@1.79.0": {
      "integrity": "sha512-iFZL02deziHslb3jEX9KdqlAkYoo4fGyotchKDzdfK1f5mxlIBeiQeHhvK3iFpuEJSB4ma/qeFn9oxPiwnhUPQ==",
      "os": ["linux"],
      "cpu": ["x64"]
    },
    "@oxlint/binding-linux-x64-musl@1.79.0": {
      "integrity": "sha512-3DtZR2raqObnh7wXZoFYFd0Fw7skBvcb3f7A+/lkEiDuh8hrE6vv9b/62Qxao1a9/OeHLw/FcXlXzgsW9wTRFg==",
      "os": ["linux"],
      "cpu": ["x64"]
    },
    "@oxlint/binding-openharmony-arm64@1.79.0": {
      "integrity": "sha512-Oatt4GuA1WJkqzk2ozx4HrWROOi7opV3AKDw/U8qDIqeTqzsjn5K2x3REJMNjU3/KU/Bkq96Zi3CknaiDTaC/Q==",
      "os": ["openharmony"],
      "cpu": ["arm64"]
    },
    "@oxlint/binding-win32-arm64-msvc@1.79.0": {
      "integrity": "sha512-NAgZr9Qp8nIA9rpo0JEvwiabTF/2UVqBNnupBG9X4kxXcQoScJUTi+qHhvabb9s/thgj5wQ4XcIaJvb+ZMgoKw==",
      "os": ["win32"],
      "cpu": ["arm64"]
    },
    "@oxlint/binding-win32-ia32-msvc@1.79.0": {
      "integrity": "sha512-+KyXjIvcpaXmWW/j9NNY5yWjrIVxaX18VyIheQy3jwc2GSYgpCr7MGI/HxIGQ/shAL5IWEKbhsqoMpAO5Stiog==",
      "os": ["win32"],
      "cpu": ["ia32"]
    },
    "@oxlint/binding-win32-x64-msvc@1.79.0": {
      "integrity": "sha512-mEelcCMMBS57sIXh2veGMNy+pQwuGtcMxHxGIZWQ5Ba9pJ5jCCUFOZB9E2JhBaxGsURe+WGe0zJp4RVre52gpQ==",
      "os": ["win32"],
      "cpu": ["x64"]
    },
    "@oxlint/plugins@1.79.0": {
      "integrity": "sha512-S0uyoxakDINJ4DPgqxGlEEvrdSMeQb7Z2lKVjxoY2gwsbZbfg2Xr8Klfeo5ZeraHmmdBCELFUHkSe6KEmBpMvg=="
    },
    "@parcel/watcher-android-arm64@2.5.1": {
      "integrity": "sha512-KF8+j9nNbUN8vzOFDpRMsaKBHZ/mcjEjMToVMJOhTozkDonQFFrRcfdLWn6yWKCmJKmdVxSgHiYvTCef4/qcBA==",
      "os": ["android"],
      "cpu": ["arm64"]
    },
    "@parcel/watcher-darwin-arm64@2.5.1": {
      "integrity": "sha512-eAzPv5osDmZyBhou8PoF4i6RQXAfeKL9tjb3QzYuccXFMQU0ruIc/POh30ePnaOyD1UXdlKguHBmsTs53tVoPw==",
      "os": ["darwin"],
      "cpu": ["arm64"]
    },
    "@parcel/watcher-darwin-x64@2.5.1": {
      "integrity": "sha512-1ZXDthrnNmwv10A0/3AJNZ9JGlzrF82i3gNQcWOzd7nJ8aj+ILyW1MTxVk35Db0u91oD5Nlk9MBiujMlwmeXZg==",
      "os": ["darwin"],
      "cpu": ["x64"]
    },
    "@parcel/watcher-freebsd-x64@2.5.1": {
      "integrity": "sha512-SI4eljM7Flp9yPuKi8W0ird8TI/JK6CSxju3NojVI6BjHsTyK7zxA9urjVjEKJ5MBYC+bLmMcbAWlZ+rFkLpJQ==",
      "os": ["freebsd"],
      "cpu": ["x64"]
    },
    "@parcel/watcher-linux-arm-glibc@2.5.1": {
      "integrity": "sha512-RCdZlEyTs8geyBkkcnPWvtXLY44BCeZKmGYRtSgtwwnHR4dxfHRG3gR99XdMEdQ7KeiDdasJwwvNSF5jKtDwdA==",
      "os": ["linux"],
      "cpu": ["arm"]
    },
    "@parcel/watcher-linux-arm-musl@2.5.1": {
      "integrity": "sha512-6E+m/Mm1t1yhB8X412stiKFG3XykmgdIOqhjWj+VL8oHkKABfu/gjFj8DvLrYVHSBNC+/u5PeNrujiSQ1zwd1Q==",
      "os": ["linux"],
      "cpu": ["arm"]
    },
    "@parcel/watcher-linux-arm64-glibc@2.5.1": {
      "integrity": "sha512-LrGp+f02yU3BN9A+DGuY3v3bmnFUggAITBGriZHUREfNEzZh/GO06FF5u2kx8x+GBEUYfyTGamol4j3m9ANe8w==",
      "os": ["linux"],
      "cpu": ["arm64"]
    },
    "@parcel/watcher-linux-arm64-musl@2.5.1": {
      "integrity": "sha512-cFOjABi92pMYRXS7AcQv9/M1YuKRw8SZniCDw0ssQb/noPkRzA+HBDkwmyOJYp5wXcsTrhxO0zq1U11cK9jsFg==",
      "os": ["linux"],
      "cpu": ["arm64"]
    },
    "@parcel/watcher-linux-x64-glibc@2.5.1": {
      "integrity": "sha512-GcESn8NZySmfwlTsIur+49yDqSny2IhPeZfXunQi48DMugKeZ7uy1FX83pO0X22sHntJ4Ub+9k34XQCX+oHt2A==",
      "os": ["linux"],
      "cpu": ["x64"]
    },
    "@parcel/watcher-linux-x64-musl@2.5.1": {
      "integrity": "sha512-n0E2EQbatQ3bXhcH2D1XIAANAcTZkQICBPVaxMeaCVBtOpBZpWJuf7LwyWPSBDITb7In8mqQgJ7gH8CILCURXg==",
      "os": ["linux"],
      "cpu": ["x64"]
    },
    "@parcel/watcher-win32-arm64@2.5.1": {
      "integrity": "sha512-RFzklRvmc3PkjKjry3hLF9wD7ppR4AKcWNzH7kXR7GUe0Igb3Nz8fyPwtZCSquGrhU5HhUNDr/mKBqj7tqA2Vw==",
      "os": ["win32"],
      "cpu": ["arm64"]
    },
    "@parcel/watcher-win32-ia32@2.5.1": {
      "integrity": "sha512-c2KkcVN+NJmuA7CGlaGD1qJh1cLfDnQsHjE89E60vUEMlqduHGCdCLJCID5geFVM0dOtA3ZiIO8BoEQmzQVfpQ==",
      "os": ["win32"],
      "cpu": ["ia32"]
    },
    "@parcel/watcher-win32-x64@2.5.1": {
      "integrity": "sha512-9lHBdJITeNR++EvSQVUcaZoWupyHfXe1jZvGZ06O/5MflPcuPLtEphScIBL+AiCWBO46tDSHzWyD0uDmmZqsgA==",
      "os": ["win32"],
      "cpu": ["x64"]
    },
    "@parcel/watcher@2.5.1": {
      "integrity": "sha512-dfUnCxiN9H4ap84DvD2ubjw+3vUNpstxa0TneY/Paat8a3R4uQZDLSvWjmznAY/DoahqTHl9V46HF/Zs3F29pg==",
      "dependencies": [
        "detect-libc@1.0.3",
        "is-glob",
        "micromatch",
        "node-addon-api"
      ],
      "optionalDependencies": [
        "@parcel/watcher-android-arm64",
        "@parcel/watcher-darwin-arm64",
        "@parcel/watcher-darwin-x64",
        "@parcel/watcher-freebsd-x64",
        "@parcel/watcher-linux-arm-glibc",
        "@parcel/watcher-linux-arm-musl",
        "@parcel/watcher-linux-arm64-glibc",
        "@parcel/watcher-linux-arm64-musl",
        "@parcel/watcher-linux-x64-glibc",
        "@parcel/watcher-linux-x64-musl",
        "@parcel/watcher-win32-arm64",
        "@parcel/watcher-win32-ia32",
        "@parcel/watcher-win32-x64"
      ],
      "scripts": true
    },
    "@rolldown/binding-android-arm-eabi@1.2.5": {
      "integrity": "sha512-DLe/i+l8ynIBY7XEQ191TeZvCoowIGa18R+dIV30GW7DiOtp74i/xX8hs8GUjW5ARV7VZuie3d6AumSmCwbeRA==",
      "os": ["android"],
      "cpu": ["arm"]
    },
    "@rolldown/binding-android-arm64@1.2.5": {
      "integrity": "sha512-zXcwKlQApYAOELHd8PwKDFkagYF9Wy4e0RJ+0qnzl9Pjnpj75TEG8ufv40p2J7kCEfwZAsNiuzRIyNNMWT38ig==",
      "os": ["android"],
      "cpu": ["arm64"]
    },
    "@rolldown/binding-darwin-arm64@1.2.5": {
      "integrity": "sha512-dK4QakI42nzWgJT5sm4y4y/O//D4OxM75/cH28RLV+nzIN9AY+YsbuUVrUTjlLjXR6vpyxFbSsbmNuJ6BP9sww==",
      "os": ["darwin"],
      "cpu": ["arm64"]
    },
    "@rolldown/binding-darwin-x64@1.2.5": {
      "integrity": "sha512-fqSALaUu1Wjd1nK2uW2kJDWdLCc8lx1IcY+MTY26Aurfdx19anlzhqXOgCFbBFQnlFDTn4TC1/7Nz4Bl2mLP3A==",
      "os": ["darwin"],
      "cpu": ["x64"]
    },
    "@rolldown/binding-freebsd-x64@1.2.5": {
      "integrity": "sha512-/vCnNxlkxs9tKxNDcyWUePpJ/PgTzxIaVhoM5SmG8UV+GR/IcPam4VYxi7GIMo7PSDuNqlJqvprqii9NqqVCMw==",
      "os": ["freebsd"],
      "cpu": ["x64"]
    },
    "@rolldown/binding-linux-arm-gnueabihf@1.2.5": {
      "integrity": "sha512-abk0NLA519LxRCszmbE0jYKuQ9YPocOXTiOXOo6Yr+YAT95VH+PtqYAjOJvGKt3viEd/x4qzabAlwd5bHOOARg==",
      "os": ["linux"],
      "cpu": ["arm"]
    },
    "@rolldown/binding-linux-arm64-gnu@1.2.5": {
      "integrity": "sha512-Y7eALiJ8lr0M2HH103Js+g7V34wf6snlpZLAsHI90uLhr3PVlNsbFVAXJC9d/V6BnPyKtpSwI+NcB/RLxsQxuA==",
      "os": ["linux"],
      "cpu": ["arm64"]
    },
    "@rolldown/binding-linux-arm64-musl@1.2.5": {
      "integrity": "sha512-xMvZgnbZg4YVnR/AX2b3oOPDTFYJvUVaJg5FedA/LuvexAtXibZQej4cnTkw3rjsJ/ggUROB64TdtETiim+FYA==",
      "os": ["linux"],
      "cpu": ["arm64"]
    },
    "@rolldown/binding-linux-ppc64-gnu@1.2.5": {
      "integrity": "sha512-GRjeqTUDHTo5GwntsLaAMcBahG3nlpjftXWZLN73HiYQlhwEowvarFgQnRnQZtIp4keXX7quXFbG38uPZBa2EA==",
      "os": ["linux"],
      "cpu": ["ppc64"]
    },
    "@rolldown/binding-linux-s390x-gnu@1.2.5": {
      "integrity": "sha512-vLNTR45F2Uwc8AufkNXPmB4VliaXs+FvcheEogIzOXzO4l+LzieXF5A/TWxLy5HtqpsRCHUfd0lPVrrdgXdLHQ==",
      "os": ["linux"],
      "cpu": ["s390x"]
    },
    "@rolldown/binding-linux-x64-gnu@1.2.5": {
      "integrity": "sha512-Mgj59/HTuYeK9Gz2MA+mBWKnHsAgkBSec15ZMb1st3oIfFbX7gCjOae7GydHhzcyQi9Z/7M1QuN9bR3oFqF0jQ==",
      "os": ["linux"],
      "cpu": ["x64"]
    },
    "@rolldown/binding-linux-x64-musl@1.2.5": {
      "integrity": "sha512-mY8AP0/ichsbhAxGnLa3d3+MwV0EfgrPND2bplI3Ym8T6R2pJ0N87bvrKVwNXmdy3jnr6eQBecdqx/HMknBmpA==",
      "os": ["linux"],
      "cpu": ["x64"]
    },
    "@rolldown/binding-openharmony-arm64@1.2.5": {
      "integrity": "sha512-8SLssA2oweAxyRgDp789ACfRb/3P+zNRJpzZxSizxF9m8NUDQ4+3xjo8ttjhVGGw6Qxb70oZiEtIjaKikCO7Yw==",
      "os": ["openharmony"],
      "cpu": ["arm64"]
    },
    "@rolldown/binding-win32-arm64-msvc@1.2.5": {
      "integrity": "sha512-vGbruD5zquhoc8D9SViXgN2FBJtNdTyQ4DtG+SWiEGlJiAzoKcZ2xp+xuXCffhubVdt0NJlTZqkeRuERy7g8Cw==",
      "os": ["win32"],
      "cpu": ["arm64"]
    },
    "@rolldown/binding-win32-x64-msvc@1.2.5": {
      "integrity": "sha512-e/SXpgISz+IoqVcSSI0rx/d/he8zqLex+/rCWpnHpmVfmPIUjag9H6P7zotf0gJHwPUhQxZ/mF8tr6acebT9yw==",
      "os": ["win32"],
      "cpu": ["x64"]
    },
    "@rolldown/pluginutils@1.0.1": {
      "integrity": "sha512-2j9bGt5Jh8hj+vPtgzPtl72j0yRxHAyumoo6TNfAjsLB04UtpSvPbPcDcBMxz7n+9CYB0c1GxQFxYRg2jimqGw=="
    },
    "@tailwindcss/cli@4.3.3": {
      "integrity": "sha512-ZvS/n1ZHOBKcVlhkt8l5NNr1EDXk1NboYO5CYDOs6NUmvT9z6bzkwsosaJftY57T/3gWNzWMJzIXLodZC8ssdw==",
      "dependencies": [
        "@parcel/watcher",
        "@tailwindcss/node",
        "@tailwindcss/oxide",
        "enhanced-resolve",
        "mri",
        "picocolors",
        "tailwindcss"
      ],
      "bin": true
    },
    "@tailwindcss/node@4.3.3": {
      "integrity": "sha512-/T8IKEsf9VTU6tLjgC7+sv2mOPtQxzE2jMw7u4Tt40Tx+QSZxpzh95/H6cMKoja9XuW7iMdLJYBB0o9G1CaAgg==",
      "dependencies": [
        "@jridgewell/remapping",
        "enhanced-resolve",
        "jiti",
        "lightningcss",
        "magic-string",
        "source-map-js",
        "tailwindcss"
      ]
    },
    "@tailwindcss/oxide-android-arm64@4.3.3": {
      "integrity": "sha512-Y85A2gmPSkl5Ve5qR86GL4HT509cFqQh1aes9p3sSkyTPwt0Pppf3GkwGe4JPACcRYjgJIEhQgM6dBClnr0NYw==",
      "os": ["android"],
      "cpu": ["arm64"]
    },
    "@tailwindcss/oxide-darwin-arm64@4.3.3": {
      "integrity": "sha512-BiaWatpBcERQFDlOjRDpIVXuFK5PJez5SA4JMg6VYZdBYU+qKfV/vqjcIs+IYmtitf1xYQZTwXvU/8y4lfZUGw==",
      "os": ["darwin"],
      "cpu": ["arm64"]
    },
    "@tailwindcss/oxide-darwin-x64@4.3.3": {
      "integrity": "sha512-fAeUqfV5ndhxRwai8cXGzdLvul9utWOmeTkv69unv4ZXixjn61Z+p9lCWdwOwA3TYboG3BwdVuN/RDjhBRl0mw==",
      "os": ["darwin"],
      "cpu": ["x64"]
    },
    "@tailwindcss/oxide-freebsd-x64@4.3.3": {
      "integrity": "sha512-iyf5bV6+wnAlflVeEy7R25dupxTNECZN5QMI0qNT6eT+EgaGdZcKhGkr5SdoaWiLJ3spLqIY9VCeSGrwmtg4kw==",
      "os": ["freebsd"],
      "cpu": ["x64"]
    },
    "@tailwindcss/oxide-linux-arm-gnueabihf@4.3.3": {
      "integrity": "sha512-aAYUprJAJQWWbRrPvtjdroZ56Md+JM8pMiopS6xGEwDfLhqj+2ver2p4nU4Mb3CRqcMmNBjo8KkUgcxhkzVQGQ==",
      "os": ["linux"],
      "cpu": ["arm"]
    },
    "@tailwindcss/oxide-linux-arm64-gnu@4.3.3": {
      "integrity": "sha512-nDxldcEENOxZRzC2uu9jrutZdAAQtb+8WWDCSnWL1zvBk1+FN+x6MtDViPB5AJMfttVCUhehGWus3XBPgatM/w==",
      "os": ["linux"],
      "cpu": ["arm64"]
    },
    "@tailwindcss/oxide-linux-arm64-musl@4.3.3": {
      "integrity": "sha512-Md44bD6veX/PC5iyF8cDVnw4HBIANZepRZZ7a8DQOvkfo5WUBwcp6iAuCUz23u+4SUkhJlD3eL7hNdW8ezd/kA==",
      "os": ["linux"],
      "cpu": ["arm64"]
    },
    "@tailwindcss/oxide-linux-x64-gnu@4.3.3": {
      "integrity": "sha512-tx7us1muwOKAKWao2v/GaafFeQboE6aj88vC6ziN2NCGcRm8gWUhwjzg+YdVB1e4boAtdtma4L43onunI6NS4w==",
      "os": ["linux"],
      "cpu": ["x64"]
    },
    "@tailwindcss/oxide-linux-x64-musl@4.3.3": {
      "integrity": "sha512-SJxX60smvHgasZoBy11dX6YRjXJFovwWBoedhbQPOBzgFWBHGB+TVPWB9BxzR7TTxU8FQZAI2AyiNCMzFm8Img==",
      "os": ["linux"],
      "cpu": ["x64"]
    },
    "@tailwindcss/oxide-wasm32-wasi@4.3.3": {
      "integrity": "sha512-jx1+rPhY/5Ympkktd656HBWEBLxP7dH06losBLjjf5vgCODXvi9KhtftWcMIwTFIDqBr7cRnQkdLnAG+IOlGvQ==",
      "cpu": ["wasm32"]
    },
    "@tailwindcss/oxide-win32-arm64-msvc@4.3.3": {
      "integrity": "sha512-3rc292Ca2ceK6Ulcc/bAVnTs/3nDtoPhyEKlgPv+yQJQi/JS/AMJlqzxvlDacL1nekbrcf6bTqp/jV4qgnPxNQ==",
      "os": ["win32"],
      "cpu": ["arm64"]
    },
    "@tailwindcss/oxide-win32-x64-msvc@4.3.3": {
      "integrity": "sha512-yJ0pwIVc/nYeGoV02WtsN8KYyLQv7kyI2wDnkezyJlGGjkd4QLwDGAwl47YpPJeuI0M0ObaXGSPjvWDPeTPggw==",
      "os": ["win32"],
      "cpu": ["x64"]
    },
    "@tailwindcss/oxide@4.3.3": {
      "integrity": "sha512-krXjAikiaFSPaK/FkAQT5UTx3VormQaiZ5hBFlJZ9UFQGB/rwg1MZIhHAG9smMQRTdyJxP6Qt5MwMtdyU5FWrA==",
      "optionalDependencies": [
        "@tailwindcss/oxide-android-arm64",
        "@tailwindcss/oxide-darwin-arm64",
        "@tailwindcss/oxide-darwin-x64",
        "@tailwindcss/oxide-freebsd-x64",
        "@tailwindcss/oxide-linux-arm-gnueabihf",
        "@tailwindcss/oxide-linux-arm64-gnu",
        "@tailwindcss/oxide-linux-arm64-musl",
        "@tailwindcss/oxide-linux-x64-gnu",
        "@tailwindcss/oxide-linux-x64-musl",
        "@tailwindcss/oxide-wasm32-wasi",
        "@tailwindcss/oxide-win32-arm64-msvc",
        "@tailwindcss/oxide-win32-x64-msvc"
      ]
    },
    "ansi-regex@6.3.0": {
      "integrity": "sha512-WpDfL7NO6j7tH88IDBNVdUJxDh9nmCteAVW9dsep846XdwF4naCBK+/tGLX3KJgcpgMRXCFlTM2hKGoK9FsdrQ=="
    },
    "ansi-styles@6.2.3": {
      "integrity": "sha512-4Dj6M28JB+oAH8kFkTLUo+a2jwOFkuqb3yucU0CANcRRUbxS0cP0nZYCGjcc3BNXwRIsUVmDGgzawme7zvJHvg=="
    },
    "basecoat-css@1.0.2": {
      "integrity": "sha512-C6I5rr7HziIAoBYNGPO5U6HaU/6FuF3iVp++IgoEqqJ836is3XoRty6l1ibXqxnoIRZNnOAYDMX8QxVC+58zhw=="
    },
    "braces@3.0.3": {
      "integrity": "sha512-yQbXgO/OSZVD2IsiLlro+7Hf6Q18EJrKSEsdoMzKePKXct3gvD8oLcOQdIzGupr5Fj+EDe8gO/lxc1BzfMpxvA==",
      "dependencies": [
        "fill-range"
      ]
    },
    "chalk@5.6.2": {
      "integrity": "sha512-7NzBL0rN6fMUW+f7A6Io4h40qQlG+xGmtMxfbnH/K7TAtt8JQWVQK+6g0UXKMeVJoyV5EkkNsErQ8pVD3bLHbA=="
    },
    "cliui@9.0.1": {
      "integrity": "sha512-k7ndgKhwoQveBL+/1tqGJYNz097I7WOvwbmmU2AR5+magtbjPWQTS1C5vzGkBC8Ym8UWRzfKUzUUqFLypY4Q+w==",
      "dependencies": [
        "string-width",
        "strip-ansi",
        "wrap-ansi"
      ]
    },
    "concurrently@10.0.5": {
      "integrity": "sha512-JaP/CoftUrCcAFW/g//RbgEGwlelnEae6cfBLgH6ZdO6s8jPkn6p9SB9u6pdVxYXoiSnFqseOlHfrEfF82TVOg==",
      "dependencies": [
        "chalk",
        "rxjs",
        "shell-quote",
        "supports-color",
        "tree-kill",
        "yargs"
      ],
      "bin": true
    },
    "detect-libc@1.0.3": {
      "integrity": "sha512-pGjwhsmsp4kL2RTz08wcOlGN83otlqHeD/Z5T8GXZB+/YcpQ/dgo+lbU8ZsGxV0HIvqqxo9l7mqYwyYMD9bKDg==",
      "bin": true
    },
    "detect-libc@2.1.2": {
      "integrity": "sha512-Btj2BOOO83o3WyH59e8MgXsxEQVcarkUOpEYrubB0urwnN10yQ364rsiByU11nZlqWYZm05i/of7io4mzihBtQ=="
    },
    "emoji-regex@10.6.0": {
      "integrity": "sha512-toUI84YS5YmxW219erniWD0CIVOo46xGKColeNQRgOzDorgBi1v4D71/OFzgD9GO2UGKIv1C3Sp8DAn0+j5w7A=="
    },
    "enhanced-resolve@5.24.5": {
      "integrity": "sha512-L1l8TNvomm6UVW5B253AGxQagSQr+vGwhMlrrfRS2qmhx46AMpMVJKQYLvWYbysTMY8VoicOvzHzoHMbyzB+4A==",
      "dependencies": [
        "graceful-fs",
        "tapable"
      ]
    },
    "escalade@3.2.0": {
      "integrity": "sha512-WUj2qlxaQtO4g6Pq5c29GTcWGDyd8itL8zTlipgECz3JesAiiOKotd8JU6otB3PACgG6xkJUyVhboMS+bje/jA=="
    },
    "fill-range@7.1.1": {
      "integrity": "sha512-YsGpe3WHLK8ZYi4tWDg2Jy3ebRz2rXowDxnld4bkQB00cc/1Zw9AWnC0i9ztDJitivtQvaI9KaLyKrc+hBW0yg==",
      "dependencies": [
        "to-regex-range"
      ]
    },
    "get-caller-file@2.0.5": {
      "integrity": "sha512-DyFP3BM/3YHTQOCUL/w0OZHR0lpKeGrxotcHWcqNEdnltqFwXVfhEBQ94eIo34AfQpo0rGki4cyIiftY06h2Fg=="
    },
    "get-east-asian-width@1.6.0": {
      "integrity": "sha512-QRbvDIbx6YklUe6RxeTeleMR0yv3cYH6PsPZHcnVn7xv7zO1BHN8r0XETu8n6Ye3Q+ahtSarc3WgtNWmehIBfA=="
    },
    "graceful-fs@4.2.11": {
      "integrity": "sha512-RbJ5/jmFcNNCcDV5o9eTnBLJ/HszWV0P73bc+Ff4nS/rJj+YaS6IGyiOL0VoBYX+l1Wrl3k63h/KrH+nhJ0XvQ=="
    },
    "is-extglob@2.1.1": {
      "integrity": "sha512-SbKbANkN603Vi4jEZv49LeVJMn4yGwsbzZworEoyEiutsN3nJYdbO36zfhGJ6QEDpOZIFkDtnq5JRxmvl3jsoQ=="
    },
    "is-glob@4.0.3": {
      "integrity": "sha512-xelSayHH36ZgE7ZWhli7pW34hNbNl8Ojv5KVmkJD4hBdD3th8Tfk9vYasLM+mXWOZhFkgZfxhLSnrwRr4elSSg==",
      "dependencies": [
        "is-extglob"
      ]
    },
    "is-number@7.0.0": {
      "integrity": "sha512-41Cifkg6e8TylSpdtTpeLVMqvSBEVzTttHvERD741+pnZ8ANv0004MRL43QKPDlK9cGvNp6NZWZUBlbGXYxxng=="
    },
    "jiti@2.7.0": {
      "integrity": "sha512-AC/7JofJvZGrrneWNaEnJeOLUx+JlGt7tNa0wZiRPT4MY1wmfKjt2+6O2p2uz2+skll8OZZmJMNqeke7kKbNgQ==",
      "bin": true
    },
    "lightningcss-android-arm64@1.32.0": {
      "integrity": "sha512-YK7/ClTt4kAK0vo6w3X+Pnm0D2cf2vPHbhOXdoNti1Ga0al1P4TBZhwjATvjNwLEBCnKvjJc2jQgHXH0NEwlAg==",
      "os": ["android"],
      "cpu": ["arm64"]
    },
    "lightningcss-darwin-arm64@1.32.0": {
      "integrity": "sha512-RzeG9Ju5bag2Bv1/lwlVJvBE3q6TtXskdZLLCyfg5pt+HLz9BqlICO7LZM7VHNTTn/5PRhHFBSjk5lc4cmscPQ==",
      "os": ["darwin"],
      "cpu": ["arm64"]
    },
    "lightningcss-darwin-x64@1.32.0": {
      "integrity": "sha512-U+QsBp2m/s2wqpUYT/6wnlagdZbtZdndSmut/NJqlCcMLTWp5muCrID+K5UJ6jqD2BFshejCYXniPDbNh73V8w==",
      "os": ["darwin"],
      "cpu": ["x64"]
    },
    "lightningcss-freebsd-x64@1.32.0": {
      "integrity": "sha512-JCTigedEksZk3tHTTthnMdVfGf61Fky8Ji2E4YjUTEQX14xiy/lTzXnu1vwiZe3bYe0q+SpsSH/CTeDXK6WHig==",
      "os": ["freebsd"],
      "cpu": ["x64"]
    },
    "lightningcss-linux-arm-gnueabihf@1.32.0": {
      "integrity": "sha512-x6rnnpRa2GL0zQOkt6rts3YDPzduLpWvwAF6EMhXFVZXD4tPrBkEFqzGowzCsIWsPjqSK+tyNEODUBXeeVHSkw==",
      "os": ["linux"],
      "cpu": ["arm"]
    },
    "lightningcss-linux-arm64-gnu@1.32.0": {
      "integrity": "sha512-0nnMyoyOLRJXfbMOilaSRcLH3Jw5z9HDNGfT/gwCPgaDjnx0i8w7vBzFLFR1f6CMLKF8gVbebmkUN3fa/kQJpQ==",
      "os": ["linux"],
      "cpu": ["arm64"]
    },
    "lightningcss-linux-arm64-musl@1.32.0": {
      "integrity": "sha512-UpQkoenr4UJEzgVIYpI80lDFvRmPVg6oqboNHfoH4CQIfNA+HOrZ7Mo7KZP02dC6LjghPQJeBsvXhJod/wnIBg==",
      "os": ["linux"],
      "cpu": ["arm64"]
    },
    "lightningcss-linux-x64-gnu@1.32.0": {
      "integrity": "sha512-V7Qr52IhZmdKPVr+Vtw8o+WLsQJYCTd8loIfpDaMRWGUZfBOYEJeyJIkqGIDMZPwPx24pUMfwSxxI8phr/MbOA==",
      "os": ["linux"],
      "cpu": ["x64"]
    },
    "lightningcss-linux-x64-musl@1.32.0": {
      "integrity": "sha512-bYcLp+Vb0awsiXg/80uCRezCYHNg1/l3mt0gzHnWV9XP1W5sKa5/TCdGWaR/zBM2PeF/HbsQv/j2URNOiVuxWg==",
      "os": ["linux"],
      "cpu": ["x64"]
    },
    "lightningcss-win32-arm64-msvc@1.32.0": {
      "integrity": "sha512-8SbC8BR40pS6baCM8sbtYDSwEVQd4JlFTOlaD3gWGHfThTcABnNDBda6eTZeqbofalIJhFx0qKzgHJmcPTnGdw==",
      "os": ["win32"],
      "cpu": ["arm64"]
    },
    "lightningcss-win32-x64-msvc@1.32.0": {
      "integrity": "sha512-Amq9B/SoZYdDi1kFrojnoqPLxYhQ4Wo5XiL8EVJrVsB8ARoC1PWW6VGtT0WKCemjy8aC+louJnjS7U18x3b06Q==",
      "os": ["win32"],
      "cpu": ["x64"]
    },
    "lightningcss@1.32.0": {
      "integrity": "sha512-NXYBzinNrblfraPGyrbPoD19C1h9lfI/1mzgWYvXUTe414Gz/X1FD2XBZSZM7rRTrMA8JL3OtAaGifrIKhQ5yQ==",
      "dependencies": [
        "detect-libc@2.1.2"
      ],
      "optionalDependencies": [
        "lightningcss-android-arm64",
        "lightningcss-darwin-arm64",
        "lightningcss-darwin-x64",
        "lightningcss-freebsd-x64",
        "lightningcss-linux-arm-gnueabihf",
        "lightningcss-linux-arm64-gnu",
        "lightningcss-linux-arm64-musl",
        "lightningcss-linux-x64-gnu",
        "lightningcss-linux-x64-musl",
        "lightningcss-win32-arm64-msvc",
        "lightningcss-win32-x64-msvc"
      ]
    },
    "magic-string@0.30.21": {
      "integrity": "sha512-vd2F4YUyEXKGcLHoq+TEyCjxueSeHnFxyyjNp80yg0XV4vUhnDer/lvvlqM/arB5bXQN5K2/3oinyCRyx8T2CQ==",
      "dependencies": [
        "@jridgewell/sourcemap-codec"
      ]
    },
    "micromatch@4.0.8": {
      "integrity": "sha512-PXwfBhYu0hBCPw8Dn0E+WDYb7af3dSLVWKi3HGv84IdF4TyFoC0ysxFd0Goxw7nSv4T/PzEJQxsYsEiFCKo2BA==",
      "dependencies": [
        "braces",
        "picomatch"
      ]
    },
    "mri@1.2.0": {
      "integrity": "sha512-tzzskb3bG8LvYGFF/mDTpq3jpI6Q9wc3LEmBaghu+DdCssd1FakN7Bc0hVNmEyGq1bq3RgfkCb3cmQLpNPOroA=="
    },
    "node-addon-api@7.1.1": {
      "integrity": "sha512-5m3bsyrjFWE1xf7nz7YXdN4udnVtXK6/Yfgn5qnahL6bCkf2yKt4k3nuTKAtT4r3IG8JNR2ncsIMdZuAzJjHQQ=="
    },
    "oxfmt@0.64.0": {
      "integrity": "sha512-XZ4GFBN/PLbXKq+0zrgpQfPKYuJlUuj+nzZJY7UpIbFMNyefNLCdN9EwViycNqnYcv0wrn0jXcQLlqJp8RCKBg==",
      "dependencies": [
        "tinypool"
      ],
      "optionalDependencies": [
        "@oxfmt/binding-android-arm-eabi",
        "@oxfmt/binding-android-arm64",
        "@oxfmt/binding-darwin-arm64",
        "@oxfmt/binding-darwin-x64",
        "@oxfmt/binding-freebsd-x64",
        "@oxfmt/binding-linux-arm-gnueabihf",
        "@oxfmt/binding-linux-arm-musleabihf",
        "@oxfmt/binding-linux-arm64-gnu",
        "@oxfmt/binding-linux-arm64-musl",
        "@oxfmt/binding-linux-ppc64-gnu",
        "@oxfmt/binding-linux-riscv64-gnu",
        "@oxfmt/binding-linux-riscv64-musl",
        "@oxfmt/binding-linux-s390x-gnu",
        "@oxfmt/binding-linux-x64-gnu",
        "@oxfmt/binding-linux-x64-musl",
        "@oxfmt/binding-openharmony-arm64",
        "@oxfmt/binding-win32-arm64-msvc",
        "@oxfmt/binding-win32-ia32-msvc",
        "@oxfmt/binding-win32-x64-msvc"
      ],
      "bin": true
    },
    "oxlint-tailwindcss@1.10.0": {
      "integrity": "sha512-6N1wI7zk1d978xhg+YS6Difg2eOKdK5QRYORLq3q3U8CLUoiZ75FyyVN1eAb2RWHIeKXjRCFkGVegsQmV6HXTg==",
      "dependencies": [
        "@tailwindcss/node",
        "tailwindcss"
      ]
    },
    "oxlint@1.79.0": {
      "integrity": "sha512-hVJ9hq9m2unPS+Of4eJJgCPdIeCC+3DHEUX3tkmrPJr3OK2hz7PhXwgC+ZP71ZcYu8cCDEtQrqLxWNvxBppBVg==",
      "optionalDependencies": [
        "@oxlint/binding-android-arm-eabi",
        "@oxlint/binding-android-arm64",
        "@oxlint/binding-darwin-arm64",
        "@oxlint/binding-darwin-x64",
        "@oxlint/binding-freebsd-x64",
        "@oxlint/binding-linux-arm-gnueabihf",
        "@oxlint/binding-linux-arm-musleabihf",
        "@oxlint/binding-linux-arm64-gnu",
        "@oxlint/binding-linux-arm64-musl",
        "@oxlint/binding-linux-ppc64-gnu",
        "@oxlint/binding-linux-riscv64-gnu",
        "@oxlint/binding-linux-riscv64-musl",
        "@oxlint/binding-linux-s390x-gnu",
        "@oxlint/binding-linux-x64-gnu",
        "@oxlint/binding-linux-x64-musl",
        "@oxlint/binding-openharmony-arm64",
        "@oxlint/binding-win32-arm64-msvc",
        "@oxlint/binding-win32-ia32-msvc",
        "@oxlint/binding-win32-x64-msvc"
      ],
      "bin": true
    },
    "picocolors@1.1.1": {
      "integrity": "sha512-xceH2snhtb5M9liqDsmEw56le376mTZkEX/jEb/RxNFyegNul7eNslCXP9FDj/Lcu0X8KEyMceP2ntpaHrDEVA=="
    },
    "picomatch@2.3.2": {
      "integrity": "sha512-V7+vQEJ06Z+c5tSye8S+nHUfI51xoXIXjHQ99cQtKUkQqqO1kO/KCJUfZXuB47h/YBlDhah2H3hdUGXn8ie0oA=="
    },
    "rolldown@1.2.5": {
      "integrity": "sha512-VD2IE5PUG4Oj8zz2VGykiYd5wbnjdIiSsNQb8Qu5B+noEp+A78mu2iVvpp27g8es14Tk9rofNs5Tku9iQCS4fA==",
      "dependencies": [
        "@oxc-project/types",
        "@rolldown/pluginutils"
      ],
      "optionalDependencies": [
        "@rolldown/binding-android-arm-eabi",
        "@rolldown/binding-android-arm64",
        "@rolldown/binding-darwin-arm64",
        "@rolldown/binding-darwin-x64",
        "@rolldown/binding-freebsd-x64",
        "@rolldown/binding-linux-arm-gnueabihf",
        "@rolldown/binding-linux-arm64-gnu",
        "@rolldown/binding-linux-arm64-musl",
        "@rolldown/binding-linux-ppc64-gnu",
        "@rolldown/binding-linux-s390x-gnu",
        "@rolldown/binding-linux-x64-gnu",
        "@rolldown/binding-linux-x64-musl",
        "@rolldown/binding-openharmony-arm64",
        "@rolldown/binding-win32-arm64-msvc",
        "@rolldown/binding-win32-x64-msvc"
      ],
      "bin": true
    },
    "rxjs@7.8.2": {
      "integrity": "sha512-dhKf903U/PQZY6boNNtAGdWbG85WAbjT/1xYoZIC7FAY0yWapOBQVsVrDl58W86//e1VpMNBtRV4MaXfdMySFA==",
      "dependencies": [
        "tslib"
      ]
    },
    "shell-quote@1.9.0": {
      "integrity": "sha512-Iov+JwFv/2HcTpcwNMKd8+IWNb8tboQJNQTkAY/LLVK7gGH9jy+LGkVqPxfekHl+yMmiqXszdGWXgkfml7hjqA=="
    },
    "source-map-js@1.2.1": {
      "integrity": "sha512-UXWMKhLOwVKb728IUtQPXxfYU+usdybtUrK/8uGE8CQMvrhOpwvzDBwj0QhSL7MQc7vIsISBG8VQ8+IDQxpfQA=="
    },
    "string-width@7.2.0": {
      "integrity": "sha512-tsaTIkKW9b4N+AEj+SVA+WhJzV7/zMhcSu78mLKWSk7cXMOSHsBKFWUs0fWwq8QyK3MgJBQRX6Gbi4kYbdvGkQ==",
      "dependencies": [
        "emoji-regex",
        "get-east-asian-width",
        "strip-ansi"
      ]
    },
    "strip-ansi@7.2.0": {
      "integrity": "sha512-yDPMNjp4WyfYBkHnjIRLfca1i6KMyGCtsVgoKe/z1+6vukgaENdgGBZt+ZmKPc4gavvEZ5OgHfHdrazhgNyG7w==",
      "dependencies": [
        "ansi-regex"
      ]
    },
    "supports-color@10.2.2": {
      "integrity": "sha512-SS+jx45GF1QjgEXQx4NJZV9ImqmO2NPz5FNsIHrsDjh2YsHnawpan7SNQ1o8NuhrbHZy9AZhIoCUiCeaW/C80g=="
    },
    "tailwindcss@4.3.3": {
      "integrity": "sha512-gOhV3P7ufE62QDGg1zVaTgCR+EtPv92k2nIhVcVKcLmxT1sUBsQGhnZj175j+MqRt4zLF7ic+sCYjfhxMxj7YQ=="
    },
    "tapable@2.3.3": {
      "integrity": "sha512-uxc/zpqFg6x7C8vOE7lh6Lbda8eEL9zmVm/PLeTPBRhh1xCgdWaQ+J1CUieGpIfm2HdtsUpRv+HshiasBMcc6A=="
    },
    "tinypool@2.1.0": {
      "integrity": "sha512-Pugqs6M0m7Lv1I7FtxN4aoyToKg1C4tu+/381vH35y8oENM/Ai7f7C4StcoK4/+BSw9ebcS8jRiVrORFKCALLw=="
    },
    "to-regex-range@5.0.1": {
      "integrity": "sha512-65P7iz6X5yEr1cwcgvQxbbIw7Uk3gOy5dIdtZ4rDveLqhrdJP+Li/Hx6tyK0NEb+2GCyneCMJiGqrADCSNk8sQ==",
      "dependencies": [
        "is-number"
      ]
    },
    "tree-kill@1.2.2": {
      "integrity": "sha512-L0Orpi8qGpRG//Nd+H90vFB+3iHnue1zSSGmNOOCh1GLJ7rUKVwV2HvijphGQS2UmhUZewS9VgvxYIdgr+fG1A==",
      "bin": true
    },
    "tslib@2.8.1": {
      "integrity": "sha512-oJFu94HQb+KVduSUQL7wnpmqnfmLsOA/nAh6b6EH0wCEoK0/mPeXU6c3wKDV83MkOuHPRHtSXKKU99IBazS/2w=="
    },
    "wrap-ansi@9.0.2": {
      "integrity": "sha512-42AtmgqjV+X1VpdOfyTGOYRi0/zsoLqtXQckTmqTeybT+BDIbM/Guxo7x3pE2vtpr1ok6xRqM9OpBe+Jyoqyww==",
      "dependencies": [
        "ansi-styles",
        "string-width",
        "strip-ansi"
      ]
    },
    "y18n@5.0.8": {
      "integrity": "sha512-0pfFzegeDWJHJIAmTLRP2DwHjdF5s7jo9tuztdQxAhINCdvS+3nGINqPd00AphqJR/0LhANUS6/+7SCb98YOfA=="
    },
    "yargs-parser@22.0.0": {
      "integrity": "sha512-rwu/ClNdSMpkSrUb+d6BRsSkLUq1fmfsY6TOpYzTwvwkg1/NRG85KBy3kq++A8LKQwX6lsu+aWad+2khvuXrqw=="
    },
    "yargs@18.0.0": {
      "integrity": "sha512-4UEqdc2RYGHZc7Doyqkrqiln3p9X2DZVxaGbwhn2pi7MrRagKaOcIKe8L3OxYcbhXLgLFUS3zAYuQjKBQgmuNg==",
      "dependencies": [
        "cliui",
        "escalade",
        "get-caller-file",
        "string-width",
        "y18n",
        "yargs-parser"
      ]
    }
  },
  "workspace": {
    "dependencies": [
      "npm:@oxlint/plugins@1.79.0",
      "npm:@tailwindcss/cli@4.3.3",
      "npm:basecoat-css@1.0.2",
      "npm:concurrently@10.0.5",
      "npm:oxfmt@0.64.0",
      "npm:oxlint-tailwindcss@1.10.0",
      "npm:oxlint@1.79.0",
      "npm:rolldown@1.2.5",
      "npm:tailwindcss@4.3.3"
    ]
  }
}
